
Microsoft Visual Studio Solution File, Format Version 12.00
# Visual Studio 2012
Project("{FAE04EC0-301F-11D3-BF4B-00C04F79EFBC}") = "XamarinApproovDemo.Android", "XamarinApproovDemo.Android\XamarinApproovDemo.Android.csproj", "{4D5F4498-2CA3-4EA7-95DF-6B83C1C4F24E}"
EndProject
Project("{FAE04EC0-301F-11D3-BF4B-00C04F79EFBC}") = "XamarinApproovDemo.iOS", "XamarinApproovDemo.iOS\XamarinApproovDemo.iOS.csproj", "{DD620D09-CAC0-45D8-9751-1E3B7F7F2D59}"
EndProject
Project("{FAE04EC0-301F-11D3-BF4B-00C04F79EFBC}") = "XamarinApproovDemo", "XamarinApproovDemo\XamarinApproovDemo.csproj", "{C84C6F59-E95C-4A95-AE13-866FCB5CAA0C}"
EndProject
Project("{FAE04EC0-301F-11D3-BF4B-00C04F79EFBC}") = "XamarinApproov.Android", "XamarinApproov.Android\XamarinApproov.Android.csproj", "{36645E20-7159-4457-B5CE-5CB10EC43C81}"
EndProject
Project("{FAE04EC0-301F-11D3-BF4B-00C04F79EFBC}") = "XamarinApproov", "XamarinApproov\XamarinApproov.csproj", "{2722EC7D-C8AA-4B3B-843C-C68BED2D0597}"
EndProject
Project("{FAE04EC0-301F-11D3-BF4B-00C04F79EFBC}") = "ApproovLibrary.Android", "ApproovLibrary.Android\ApproovLibrary.Android.csproj", "{59812FE0-4762-4025-8D24-2EB5E3D8544D}"
EndProject
Project("{9344BDBB-3E7F-41FC-A0DD-8665D75EE146}") = "ApproovLibrary.iOS", "ApproovLibrary.iOS\ApproovLibrary.iOS.csproj", "{D7AD2CE6-7462-4542-87C9-CB2C9D34A360}"
EndProject
Project("{FAE04EC0-301F-11D3-BF4B-00C04F79EFBC}") = "XamarinApproov.iOS", "XamarinApproov.iOS\XamarinApproov.iOS.csproj", "{15FD3D98-9AE1-4F6E-91DE-7B5519F8F039}"
EndProject
Global
	GlobalSection(SolutionConfigurationPlatforms) = preSolution
		Debug|Any CPU = Debug|Any CPU
		Release|Any CPU = Release|Any CPU
		Debug|iPhoneSimulator = Debug|iPhoneSimulator
		Release|iPhoneSimulator = Release|iPhoneSimulator
		Debug|iPhone = Debug|iPhone
		Release|iPhone = Release|iPhone
		Ad-Hoc|iPhone = Ad-Hoc|iPhone
		AppStore|iPhone = AppStore|iPhone
	EndGlobalSection
	GlobalSection(ProjectConfigurationPlatforms) = postSolution
		{4D5F4498-2CA3-4EA7-95DF-6B83C1C4F24E}.Debug|Any CPU.ActiveCfg = Debug|Any CPU
		{4D5F4498-2CA3-4EA7-95DF-6B83C1C4F24E}.Debug|Any CPU.Build.0 = Debug|Any CPU
		{4D5F4498-2CA3-4EA7-95DF-6B83C1C4F24E}.Release|Any CPU.ActiveCfg = Release|Any CPU
		{4D5F4498-2CA3-4EA7-95DF-6B83C1C4F24E}.Release|Any CPU.Build.0 = Release|Any CPU
		{4D5F4498-2CA3-4EA7-95DF-6B83C1C4F24E}.Debug|iPhoneSimulator.ActiveCfg = Debug|Any CPU
		{4D5F4498-2CA3-4EA7-95DF-6B83C1C4F24E}.Debug|iPhoneSimulator.Build.0 = Debug|Any CPU
		{4D5F4498-2CA3-4EA7-95DF-6B83C1C4F24E}.Release|iPhoneSimulator.ActiveCfg = Release|Any CPU
		{4D5F4498-2CA3-4EA7-95DF-6B83C1C4F24E}.Release|iPhoneSimulator.Build.0 = Release|Any CPU
		{4D5F4498-2CA3-4EA7-95DF-6B83C1C4F24E}.Debug|iPhone.ActiveCfg = Debug|Any CPU
		{4D5F4498-2CA3-4EA7-95DF-6B83C1C4F24E}.Debug|iPhone.Build.0 = Debug|Any CPU
		{4D5F4498-2CA3-4EA7-95DF-6B83C1C4F24E}.Release|iPhone.ActiveCfg = Release|Any CPU
		{4D5F4498-2CA3-4EA7-95DF-6B83C1C4F24E}.Release|iPhone.Build.0 = Release|Any CPU
		{4D5F4498-2CA3-4EA7-95DF-6B83C1C4F24E}.Ad-Hoc|iPhone.ActiveCfg = Debug|Any CPU
		{4D5F4498-2CA3-4EA7-95DF-6B83C1C4F24E}.Ad-Hoc|iPhone.Build.0 = Debug|Any CPU
		{4D5F4498-2CA3-4EA7-95DF-6B83C1C4F24E}.AppStore|iPhone.ActiveCfg = Debug|Any CPU
		{4D5F4498-2CA3-4EA7-95DF-6B83C1C4F24E}.AppStore|iPhone.Build.0 = Debug|Any CPU
		{DD620D09-CAC0-45D8-9751-1E3B7F7F2D59}.Debug|Any CPU.ActiveCfg = Debug|iPhoneSimulator
		{DD620D09-CAC0-45D8-9751-1E3B7F7F2D59}.Debug|Any CPU.Build.0 = Debug|iPhoneSimulator
		{DD620D09-CAC0-45D8-9751-1E3B7F7F2D59}.Release|Any CPU.ActiveCfg = Release|iPhoneSimulator
		{DD620D09-CAC0-45D8-9751-1E3B7F7F2D59}.Release|Any CPU.Build.0 = Release|iPhoneSimulator
		{DD620D09-CAC0-45D8-9751-1E3B7F7F2D59}.Debug|iPhoneSimulator.ActiveCfg = Debug|iPhoneSimulator
		{DD620D09-CAC0-45D8-9751-1E3B7F7F2D59}.Debug|iPhoneSimulator.Build.0 = Debug|iPhoneSimulator
		{DD620D09-CAC0-45D8-9751-1E3B7F7F2D59}.Release|iPhoneSimulator.ActiveCfg = Release|iPhoneSimulator
		{DD620D09-CAC0-45D8-9751-1E3B7F7F2D59}.Release|iPhoneSimulator.Build.0 = Release|iPhoneSimulator
		{DD620D09-CAC0-45D8-9751-1E3B7F7F2D59}.Debug|iPhone.ActiveCfg = Debug|iPhone
		{DD620D09-CAC0-45D8-9751-1E3B7F7F2D59}.Debug|iPhone.Build.0 = Debug|iPhone
		{DD620D09-CAC0-45D8-9751-1E3B7F7F2D59}.Release|iPhone.ActiveCfg = Release|iPhone
		{DD620D09-CAC0-45D8-9751-1E3B7F7F2D59}.Release|iPhone.Build.0 = Release|iPhone
		{DD620D09-CAC0-45D8-9751-1E3B7F7F2D59}.Ad-Hoc|iPhone.ActiveCfg = Ad-Hoc|iPhone
		{DD620D09-CAC0-45D8-9751-1E3B7F7F2D59}.Ad-Hoc|iPhone.Build.0 = Ad-Hoc|iPhone
		{DD620D09-CAC0-45D8-9751-1E3B7F7F2D59}.AppStore|iPhone.ActiveCfg = AppStore|iPhone
		{DD620D09-CAC0-45D8-9751-1E3B7F7F2D59}.AppStore|iPhone.Build.0 = AppStore|iPhone
		{C84C6F59-E95C-4A95-AE13-866FCB5CAA0C}.Debug|Any CPU.ActiveCfg = Debug|Any CPU
		{C84C6F59-E95C-4A95-AE13-866FCB5CAA0C}.Debug|Any CPU.Build.0 = Debug|Any CPU
		{C84C6F59-E95C-4A95-AE13-866FCB5CAA0C}.Release|Any CPU.ActiveCfg = Release|Any CPU
		{C84C6F59-E95C-4A95-AE13-866FCB5CAA0C}.Release|Any CPU.Build.0 = Release|Any CPU
		{C84C6F59-E95C-4A95-AE13-866FCB5CAA0C}.Debug|iPhoneSimulator.ActiveCfg = Debug|Any CPU
		{C84C6F59-E95C-4A95-AE13-866FCB5CAA0C}.Debug|iPhoneSimulator.Build.0 = Debug|Any CPU
		{C84C6F59-E95C-4A95-AE13-866FCB5CAA0C}.Release|iPhoneSimulator.ActiveCfg = Release|Any CPU
		{C84C6F59-E95C-4A95-AE13-866FCB5CAA0C}.Release|iPhoneSimulator.Build.0 = Release|Any CPU
		{C84C6F59-E95C-4A95-AE13-866FCB5CAA0C}.Debug|iPhone.ActiveCfg = Debug|Any CPU
		{C84C6F59-E95C-4A95-AE13-866FCB5CAA0C}.Debug|iPhone.Build.0 = Debug|Any CPU
		{C84C6F59-E95C-4A95-AE13-866FCB5CAA0C}.Release|iPhone.ActiveCfg = Release|Any CPU
		{C84C6F59-E95C-4A95-AE13-866FCB5CAA0C}.Release|iPhone.Build.0 = Release|Any CPU
		{C84C6F59-E95C-4A95-AE13-866FCB5CAA0C}.Ad-Hoc|iPhone.ActiveCfg = Debug|Any CPU
		{C84C6F59-E95C-4A95-AE13-866FCB5CAA0C}.Ad-Hoc|iPhone.Build.0 = Debug|Any CPU
		{C84C6F59-E95C-4A95-AE13-866FCB5CAA0C}.AppStore|iPhone.ActiveCfg = Debug|Any CPU
		{C84C6F59-E95C-4A95-AE13-866FCB5CAA0C}.AppStore|iPhone.Build.0 = Debug|Any CPU
		{36645E20-7159-4457-B5CE-5CB10EC43C81}.Debug|Any CPU.ActiveCfg = Debug|Any CPU
		{36645E20-7159-4457-B5CE-5CB10EC43C81}.Debug|Any CPU.Build.0 = Debug|Any CPU
		{36645E20-7159-4457-B5CE-5CB10EC43C81}.Release|Any CPU.ActiveCfg = Release|Any CPU
		{36645E20-7159-4457-B5CE-5CB10EC43C81}.Release|Any CPU.Build.0 = Release|Any CPU
		{36645E20-7159-4457-B5CE-5CB10EC43C81}.Debug|iPhoneSimulator.ActiveCfg = Debug|Any CPU
		{36645E20-7159-4457-B5CE-5CB10EC43C81}.Debug|iPhoneSimulator.Build.0 = Debug|Any CPU
		{36645E20-7159-4457-B5CE-5CB10EC43C81}.Release|iPhoneSimulator.ActiveCfg = Release|Any CPU
		{36645E20-7159-4457-B5CE-5CB10EC43C81}.Release|iPhoneSimulator.Build.0 = Release|Any CPU
		{36645E20-7159-4457-B5CE-5CB10EC43C81}.Debug|iPhone.ActiveCfg = Debug|Any CPU
		{36645E20-7159-4457-B5CE-5CB10EC43C81}.Debug|iPhone.Build.0 = Debug|Any CPU
		{36645E20-7159-4457-B5CE-5CB10EC43C81}.Release|iPhone.ActiveCfg = Release|Any CPU
		{36645E20-7159-4457-B5CE-5CB10EC43C81}.Release|iPhone.Build.0 = Release|Any CPU
		{36645E20-7159-4457-B5CE-5CB10EC43C81}.Ad-Hoc|iPhone.ActiveCfg = Debug|Any CPU
		{36645E20-7159-4457-B5CE-5CB10EC43C81}.Ad-Hoc|iPhone.Build.0 = Debug|Any CPU
		{36645E20-7159-4457-B5CE-5CB10EC43C81}.AppStore|iPhone.ActiveCfg = Debug|Any CPU
		{36645E20-7159-4457-B5CE-5CB10EC43C81}.AppStore|iPhone.Build.0 = Debug|Any CPU
		{2722EC7D-C8AA-4B3B-843C-C68BED2D0597}.Debug|Any CPU.ActiveCfg = Debug|Any CPU
		{2722EC7D-C8AA-4B3B-843C-C68BED2D0597}.Debug|Any CPU.Build.0 = Debug|Any CPU
		{2722EC7D-C8AA-4B3B-843C-C68BED2D0597}.Release|Any CPU.ActiveCfg = Release|Any CPU
		{2722EC7D-C8AA-4B3B-843C-C68BED2D0597}.Release|Any CPU.Build.0 = Release|Any CPU
		{2722EC7D-C8AA-4B3B-843C-C68BED2D0597}.Debug|iPhoneSimulator.ActiveCfg = Debug|Any CPU
		{2722EC7D-C8AA-4B3B-843C-C68BED2D0597}.Debug|iPhoneSimulator.Build.0 = Debug|Any CPU
		{2722EC7D-C8AA-4B3B-843C-C68BED2D0597}.Release|iPhoneSimulator.ActiveCfg = Release|Any CPU
		{2722EC7D-C8AA-4B3B-843C-C68BED2D0597}.Release|iPhoneSimulator.Build.0 = Release|Any CPU
		{2722EC7D-C8AA-4B3B-843C-C68BED2D0597}.Debug|iPhone.ActiveCfg = Debug|Any CPU
		{2722EC7D-C8AA-4B3B-843C-C68BED2D0597}.Debug|iPhone.Build.0 = Debug|Any CPU
		{2722EC7D-C8AA-4B3B-843C-C68BED2D0597}.Release|iPhone.ActiveCfg = Release|Any CPU
		{2722EC7D-C8AA-4B3B-843C-C68BED2D0597}.Release|iPhone.Build.0 = Release|Any CPU
		{2722EC7D-C8AA-4B3B-843C-C68BED2D0597}.Ad-Hoc|iPhone.ActiveCfg = Debug|Any CPU
		{2722EC7D-C8AA-4B3B-843C-C68BED2D0597}.Ad-Hoc|iPhone.Build.0 = Debug|Any CPU
		{2722EC7D-C8AA-4B3B-843C-C68BED2D0597}.AppStore|iPhone.ActiveCfg = Debug|Any CPU
		{2722EC7D-C8AA-4B3B-843C-C68BED2D0597}.AppStore|iPhone.Build.0 = Debug|Any CPU
		{59812FE0-4762-4025-8D24-2EB5E3D8544D}.Debug|Any CPU.ActiveCfg = Debug|Any CPU
		{59812FE0-4762-4025-8D24-2EB5E3D8544D}.Debug|Any CPU.Build.0 = Debug|Any CPU
		{59812FE0-4762-4025-8D24-2EB5E3D8544D}.Release|Any CPU.ActiveCfg = Release|Any CPU
		{59812FE0-4762-4025-8D24-2EB5E3D8544D}.Release|Any CPU.Build.0 = Release|Any CPU
		{59812FE0-4762-4025-8D24-2EB5E3D8544D}.Debug|iPhoneSimulator.ActiveCfg = Debug|Any CPU
		{59812FE0-4762-4025-8D24-2EB5E3D8544D}.Debug|iPhoneSimulator.Build.0 = Debug|Any CPU
		{59812FE0-4762-4025-8D24-2EB5E3D8544D}.Release|iPhoneSimulator.ActiveCfg = Release|Any CPU
		{59812FE0-4762-4025-8D24-2EB5E3D8544D}.Release|iPhoneSimulator.Build.0 = Release|Any CPU
		{59812FE0-4762-4025-8D24-2EB5E3D8544D}.Debug|iPhone.ActiveCfg = Debug|Any CPU
		{59812FE0-4762-4025-8D24-2EB5E3D8544D}.Debug|iPhone.Build.0 = Debug|Any CPU
		{59812FE0-4762-4025-8D24-2EB5E3D8544D}.Release|iPhone.ActiveCfg = Release|Any CPU
		{59812FE0-4762-4025-8D24-2EB5E3D8544D}.Release|iPhone.Build.0 = Release|Any CPU
		{59812FE0-4762-4025-8D24-2EB5E3D8544D}.Ad-Hoc|iPhone.ActiveCfg = Debug|Any CPU
		{59812FE0-4762-4025-8D24-2EB5E3D8544D}.Ad-Hoc|iPhone.Build.0 = Debug|Any CPU
		{59812FE0-4762-4025-8D24-2EB5E3D8544D}.AppStore|iPhone.ActiveCfg = Debug|Any CPU
		{59812FE0-4762-4025-8D24-2EB5E3D8544D}.AppStore|iPhone.Build.0 = Debug|Any CPU
		{D7AD2CE6-7462-4542-87C9-CB2C9D34A360}.Debug|Any CPU.ActiveCfg = Debug|Any CPU
		{D7AD2CE6-7462-4542-87C9-CB2C9D34A360}.Debug|Any CPU.Build.0 = Debug|Any CPU
		{D7AD2CE6-7462-4542-87C9-CB2C9D34A360}.Release|Any CPU.ActiveCfg = Release|Any CPU
		{D7AD2CE6-7462-4542-87C9-CB2C9D34A360}.Release|Any CPU.Build.0 = Release|Any CPU
		{D7AD2CE6-7462-4542-87C9-CB2C9D34A360}.Debug|iPhoneSimulator.ActiveCfg = Debug|Any CPU
		{D7AD2CE6-7462-4542-87C9-CB2C9D34A360}.Debug|iPhoneSimulator.Build.0 = Debug|Any CPU
		{D7AD2CE6-7462-4542-87C9-CB2C9D34A360}.Release|iPhoneSimulator.ActiveCfg = Release|Any CPU
		{D7AD2CE6-7462-4542-87C9-CB2C9D34A360}.Release|iPhoneSimulator.Build.0 = Release|Any CPU
		{D7AD2CE6-7462-4542-87C9-CB2C9D34A360}.Debug|iPhone.ActiveCfg = Debug|Any CPU
		{D7AD2CE6-7462-4542-87C9-CB2C9D34A360}.Debug|iPhone.Build.0 = Debug|Any CPU
		{D7AD2CE6-7462-4542-87C9-CB2C9D34A360}.Release|iPhone.ActiveCfg = Release|Any CPU
		{D7AD2CE6-7462-4542-87C9-CB2C9D34A360}.Release|iPhone.Build.0 = Release|Any CPU
		{D7AD2CE6-7462-4542-87C9-CB2C9D34A360}.Ad-Hoc|iPhone.ActiveCfg = Debug|Any CPU
		{D7AD2CE6-7462-4542-87C9-CB2C9D34A360}.Ad-Hoc|iPhone.Build.0 = Debug|Any CPU
		{D7AD2CE6-7462-4542-87C9-CB2C9D34A360}.AppStore|iPhone.ActiveCfg = Debug|Any CPU
		{D7AD2CE6-7462-4542-87C9-CB2C9D34A360}.AppStore|iPhone.Build.0 = Debug|Any CPU
		{15FD3D98-9AE1-4F6E-91DE-7B5519F8F039}.Debug|Any CPU.ActiveCfg = Debug|Any CPU
		{15FD3D98-9AE1-4F6E-91DE-7B5519F8F039}.Debug|Any CPU.Build.0 = Debug|Any CPU
		{15FD3D98-9AE1-4F6E-91DE-7B5519F8F039}.Release|Any CPU.ActiveCfg = Release|Any CPU
		{15FD3D98-9AE1-4F6E-91DE-7B5519F8F039}.Release|Any CPU.Build.0 = Release|Any CPU
		{15FD3D98-9AE1-4F6E-91DE-7B5519F8F039}.Debug|iPhoneSimulator.ActiveCfg = Debug|Any CPU
		{15FD3D98-9AE1-4F6E-91DE-7B5519F8F039}.Debug|iPhoneSimulator.Build.0 = Debug|Any CPU
		{15FD3D98-9AE1-4F6E-91DE-7B5519F8F039}.Release|iPhoneSimulator.ActiveCfg = Release|Any CPU
		{15FD3D98-9AE1-4F6E-91DE-7B5519F8F039}.Release|iPhoneSimulator.Build.0 = Release|Any CPU
		{15FD3D98-9AE1-4F6E-91DE-7B5519F8F039}.Debug|iPhone.ActiveCfg = Debug|Any CPU
		{15FD3D98-9AE1-4F6E-91DE-7B5519F8F039}.Debug|iPhone.Build.0 = Debug|Any CPU
		{15FD3D98-9AE1-4F6E-91DE-7B5519F8F039}.Release|iPhone.ActiveCfg = Release|Any CPU
		{15FD3D98-9AE1-4F6E-91DE-7B5519F8F039}.Release|iPhone.Build.0 = Release|Any CPU
		{15FD3D98-9AE1-4F6E-91DE-7B5519F8F039}.Ad-Hoc|iPhone.ActiveCfg = Debug|Any CPU
		{15FD3D98-9AE1-4F6E-91DE-7B5519F8F039}.Ad-Hoc|iPhone.Build.0 = Debug|Any CPU
		{15FD3D98-9AE1-4F6E-91DE-7B5519F8F039}.AppStore|iPhone.ActiveCfg = Debug|Any CPU
		{15FD3D98-9AE1-4F6E-91DE-7B5519F8F039}.AppStore|iPhone.Build.0 = Debug|Any CPU
	EndGlobalSection
EndGlobal
